[[package]]
name = "maplit"
version = "1.0.1"
source = "registry+https://github.com/rust-lang/crates.io-index"

[[package]]
name = "render"
version = "0.1.0"
dependencies = [
 "maplit 1.0.1 (registry+https://github.com/rust-lang/crates.io-index)",
]

[metadata]
"checksum maplit 1.0.1 (registry+https://github.com/rust-lang/crates.io-index)" = "08cbb6b4fef96b6d77bfc40ec491b1690c779e77b05cd9f07f787ed376fd4c43"
